{
  "requires": true,
  "lockfileVersion": 1,
  "dependencies": {
    "lottie-ios": {
      "version": "3.2.3",
      "resolved": "https://registry.npmjs.org/lottie-ios/-/lottie-ios-3.2.3.tgz",
      "integrity": "sha512-mubYMN6+1HXa8z3EJKBvNBkl4UoVM4McjESeB2PgvRMSngmJtC5yUMRdhbbrIAn5Liu3hFGao/14s5hQIgtkRQ=="
    }
  }
}
